{
  "owner_pid": 36491,
  "started_at_iso": "2026-08-30T12:34:40.813Z",
  "ttl_ms": 900000,
  "last_heartbeat_iso": "2026-08-30T12:34:40.813Z",
  "packet_id": "specs/public/005-component-surface-system",
  "runtime_kind": "child",
  "phase": "running",
  "last_activity_iso": "2026-08-30T12:34:40.813Z",
  "acquire_nonce": "36491-1788093280814-0b042ac7-d482-4a8c-a21d-5d82e9b6bbf6"
}
